// !$*UTF8*$!
{
	archiveVersion = 1;
	classes = {
	};
	objectVersion = 54;
	objects = {

/* Begin PBXBuildFile section */
		00E356F31AD99517003FC87E /* SMMobileDemoTests.m in Sources */ = {isa = PBXBuildFile; fileRef = 00E356F21AD99517003FC87E /* SMMobileDemoTests.m */; };
		0A4417D827CE1B8B00DDF353 /* Accelerate.framework in Frameworks */ = {isa = PBXBuildFile; fileRef = 0A4417D627CE1B8B00DDF353 /* Accelerate.framework */; };
		0A4417DA27CE1B9100DDF353 /* AddressBook.framework in Frameworks */ = {isa = PBXBuildFile; fileRef = 0A4417D927CE1B9000DDF353 /* AddressBook.framework */; };
		0A4417DC27CE1B9A00DDF353 /* AudioToolbox.framework in Frameworks */ = {isa = PBXBuildFile; fileRef = 0A4417DB27CE1B9900DDF353 /* AudioToolbox.framework */; };
		0A4417DE27CE1BA000DDF353 /* AVFoundation.framework in Frameworks */ = {isa = PBXBuildFile; fileRef = 0A4417DD27CE1BA000DDF353 /* AVFoundation.framework */; };
		0A4417E027CE1BB500DDF353 /* CocoaAsyncSocket.framework in Frameworks */ = {isa = PBXBuildFile; fileRef = 0A4417DF27CE1BB500DDF353 /* CocoaAsyncSocket.framework */; };
		0A4417E127CE1BB600DDF353 /* CocoaAsyncSocket.framework in Embed Frameworks */ = {isa = PBXBuildFile; fileRef = 0A4417DF27CE1BB500DDF353 /* CocoaAsyncSocket.framework */; settings = {ATTRIBUTES = (CodeSignOnCopy, RemoveHeadersOnCopy, ); }; };
		0A4417E427CE1BCC00DDF353 /* Contacts.framework in Frameworks */ = {isa = PBXBuildFile; fileRef = 0A4417E327CE1BCB00DDF353 /* Contacts.framework */; };
		0A4417E627CE1BD500DDF353 /* CoreGraphics.framework in Frameworks */ = {isa = PBXBuildFile; fileRef = 0A4417E527CE1BD500DDF353 /* CoreGraphics.framework */; };
		0A4417E827CE1BDC00DDF353 /* CoreLocation.framework in Frameworks */ = {isa = PBXBuildFile; fileRef = 0A4417E727CE1BDB00DDF353 /* CoreLocation.framework */; };
		0A4417EA27CE1BE200DDF353 /* CoreMedia.framework in Frameworks */ = {isa = PBXBuildFile; fileRef = 0A4417E927CE1BE200DDF353 /* CoreMedia.framework */; };
		0A4417EC27CE1BE800DDF353 /* CoreTelephony.framework in Frameworks */ = {isa = PBXBuildFile; fileRef = 0A4417EB27CE1BE800DDF353 /* CoreTelephony.framework */; };
		0A4417EE27CE1BF000DDF353 /* CoreText.framework in Frameworks */ = {isa = PBXBuildFile; fileRef = 0A4417ED27CE1BF000DDF353 /* CoreText.framework */; };
		0A4417F027CE1BF700DDF353 /* ExternalAccessory.framework in Frameworks */ = {isa = PBXBuildFile; fileRef = 0A4417EF27CE1BF700DDF353 /* ExternalAccessory.framework */; };
		0A4417F227CE1BFF00DDF353 /* JKVValue.framework in Frameworks */ = {isa = PBXBuildFile; fileRef = 0A4417F127CE1BFF00DDF353 /* JKVValue.framework */; };
		0A4417F327CE1BFF00DDF353 /* JKVValue.framework in Embed Frameworks */ = {isa = PBXBuildFile; fileRef = 0A4417F127CE1BFF00DDF353 /* JKVValue.framework */; settings = {ATTRIBUTES = (CodeSignOnCopy, RemoveHeadersOnCopy, ); }; };
		0A4417F527CE1C0B00DDF353 /* JRE.framework in Frameworks */ = {isa = PBXBuildFile; fileRef = 0A4417F427CE1C0B00DDF353 /* JRE.framework */; };
		0A4417FB27CE1C3700DDF353 /* libSocketRocket.a in Frameworks */ = {isa = PBXBuildFile; fileRef = 0A4417F927CE1C3200DDF353 /* libSocketRocket.a */; };
		0A4417FC27CE1C3800DDF353 /* libCorePlot.a in Frameworks */ = {isa = PBXBuildFile; fileRef = 0A4417FA27CE1C3200DDF353 /* libCorePlot.a */; };
		0A4417FD27CE1C3800DDF353 /* libAsHttpRequest.a in Frameworks */ = {isa = PBXBuildFile; fileRef = 0A4417F827CE1C3200DDF353 /* libAsHttpRequest.a */; };
		0A4417FE27CE1C3800DDF353 /* libflyMSC.a in Frameworks */ = {isa = PBXBuildFile; fileRef = 0A4417F727CE1C3200DDF353 /* libflyMSC.a */; };
		0A44180027CE1C5100DDF353 /* libstdc++.6.0.9.tbd in Frameworks */ = {isa = PBXBuildFile; fileRef = 0A4417FF27CE1C4E00DDF353 /* libstdc++.6.0.9.tbd */; };
		0A44180227CE1C6900DDF353 /* libiconv.2.4.0.tbd in Frameworks */ = {isa = PBXBuildFile; fileRef = 0A44180127CE1C5F00DDF353 /* libiconv.2.4.0.tbd */; };
		0A44180427CE1C7C00DDF353 /* libicucore.A.tbd in Frameworks */ = {isa = PBXBuildFile; fileRef = 0A44180327CE1C7200DDF353 /* libicucore.A.tbd */; };
		0A44180727CE1C9000DDF353 /* MediaPlayer.framework in Frameworks */ = {isa = PBXBuildFile; fileRef = 0A44180627CE1C9000DDF353 /* MediaPlayer.framework */; };
		0A44180927CE1C9800DDF353 /* MobileCoreServices.framework in Frameworks */ = {isa = PBXBuildFile; fileRef = 0A44180827CE1C9800DDF353 /* MobileCoreServices.framework */; };
		0A44180B27CE1C9F00DDF353 /* OpenGLES.framework in Frameworks */ = {isa = PBXBuildFile; fileRef = 0A44180A27CE1C9F00DDF353 /* OpenGLES.framework */; };
		0A44180D27CE1CA600DDF353 /* QuartzCore.framework in Frameworks */ = {isa = PBXBuildFile; fileRef = 0A44180C27CE1CA600DDF353 /* QuartzCore.framework */; };
		0A44180F27CE1CB500DDF353 /* RMQClient.framework in Frameworks */ = {isa = PBXBuildFile; fileRef = 0A44180E27CE1CB500DDF353 /* RMQClient.framework */; };
		0A44181027CE1CB500DDF353 /* RMQClient.framework in Embed Frameworks */ = {isa = PBXBuildFile; fileRef = 0A44180E27CE1CB500DDF353 /* RMQClient.framework */; settings = {ATTRIBUTES = (CodeSignOnCopy, RemoveHeadersOnCopy, ); }; };
		0A44181227CE1CD700DDF353 /* Security.framework in Frameworks */ = {isa = PBXBuildFile; fileRef = 0A44181127CE1CD700DDF353 /* Security.framework */; };
		0A44181427CE1CE300DDF353 /* SystemConfiguration.framework in Frameworks */ = {isa = PBXBuildFile; fileRef = 0A44181327CE1CE300DDF353 /* SystemConfiguration.framework */; };
		0A44181627CE1CE900DDF353 /* UIKit.framework in Frameworks */ = {isa = PBXBuildFile; fileRef = 0A44181527CE1CE900DDF353 /* UIKit.framework */; };
		0A44181827CE1CEE00DDF353 /* WebKit.framework in Frameworks */ = {isa = PBXBuildFile; fileRef = 0A44181727CE1CEE00DDF353 /* WebKit.framework */; };
		0A44181D27CE1D0800DDF353 /* SuperMap.framework in Frameworks */ = {isa = PBXBuildFile; fileRef = 0A44181C27CE1D0800DDF353 /* SuperMap.framework */; };
		0A44182027CE1D8D00DDF353 /* GLTFSceneKit.framework in Frameworks */ = {isa = PBXBuildFile; fileRef = 0A44181F27CE1D8D00DDF353 /* GLTFSceneKit.framework */; };
		0A44182127CE1D8D00DDF353 /* GLTFSceneKit.framework in Embed Frameworks */ = {isa = PBXBuildFile; fileRef = 0A44181F27CE1D8D00DDF353 /* GLTFSceneKit.framework */; settings = {ATTRIBUTES = (CodeSignOnCopy, RemoveHeadersOnCopy, ); }; };
		0A44182827CE2A7000DDF353 /* Workspace.zip in Resources */ = {isa = PBXBuildFile; fileRef = 0A44182727CE2A7000DDF353 /* Workspace.zip */; };
		0A4418B127CE41B500DDF353 /* ZipArchive.framework in Frameworks */ = {isa = PBXBuildFile; fileRef = 0A4418B027CE41B500DDF353 /* ZipArchive.framework */; };
		0A4418B227CE41B500DDF353 /* ZipArchive.framework in Embed Frameworks */ = {isa = PBXBuildFile; fileRef = 0A4418B027CE41B500DDF353 /* ZipArchive.framework */; settings = {ATTRIBUTES = (CodeSignOnCopy, RemoveHeadersOnCopy, ); }; };
		0AA85F1D27D5D4480067CB94 /* Navigation_EXAMPLE.zip in Resources */ = {isa = PBXBuildFile; fileRef = 0AA85F1A27D5D4470067CB94 /* Navigation_EXAMPLE.zip */; };
		0AA85F1F27D5D4480067CB94 /* SuperMap.bundle in Resources */ = {isa = PBXBuildFile; fileRef = 0AA85F1C27D5D4480067CB94 /* SuperMap.bundle */; };
		0AA85F2327D5D4520067CB94 /* AppUtils.m in Sources */ = {isa = PBXBuildFile; fileRef = 0AA85F2127D5D4520067CB94 /* AppUtils.m */; };
		0AA85F4127D5D66A0067CB94 /* libSMSuperMap.a in Frameworks */ = {isa = PBXBuildFile; fileRef = 0AA85F4027D5D6300067CB94 /* libSMSuperMap.a */; };
		0AA861B127D5E4FE0067CB94 /* resources.bundle in Resources */ = {isa = PBXBuildFile; fileRef = 0AA861B027D5E4FE0067CB94 /* resources.bundle */; };
		13B07FBC1A68108700A75B9A /* AppDelegate.m in Sources */ = {isa = PBXBuildFile; fileRef = 13B07FB01A68108700A75B9A /* AppDelegate.m */; };
		13B07FBF1A68108700A75B9A /* Images.xcassets in Resources */ = {isa = PBXBuildFile; fileRef = 13B07FB51A68108700A75B9A /* Images.xcassets */; };
		13B07FC11A68108700A75B9A /* main.m in Sources */ = {isa = PBXBuildFile; fileRef = 13B07FB71A68108700A75B9A /* main.m */; };
		49FABE331317A6D534997ACF /* libPods-SMMobileDemo.a in Frameworks */ = {isa = PBXBuildFile; fileRef = 40F113F9B0A7FA19E1E471A7 /* libPods-SMMobileDemo.a */; };
		81AB9BB82411601600AC10FF /* LaunchScreen.storyboard in Resources */ = {isa = PBXBuildFile; fileRef = 81AB9BB72411601600AC10FF /* LaunchScreen.storyboard */; };
		8EF90F56BBCD9262FFAC60B2 /* libPods-SMMobileDemo-SMMobileDemoTests.a in Frameworks */ = {isa = PBXBuildFile; fileRef = 493F5BEE9D411293C6885EE2 /* libPods-SMMobileDemo-SMMobileDemoTests.a */; };
/* End PBXBuildFile section */

/* Begin PBXContainerItemProxy section */
		00E356F41AD99517003FC87E /* PBXContainerItemProxy */ = {
			isa = PBXContainerItemProxy;
			containerPortal = 83CBB9F71A601CBA00E9B192 /* Project object */;
			proxyType = 1;
			remoteGlobalIDString = 13B07F861A680F5B00A75B9A;
			remoteInfo = SMMobileDemo;
		};
		0AA85F3F27D5D6300067CB94 /* PBXContainerItemProxy */ = {
			isa = PBXContainerItemProxy;
			containerPortal = 0AA85F3B27D5D6300067CB94 /* SMSuperMap.xcodeproj */;
			proxyType = 2;
			remoteGlobalIDString = 0AA85F2D27D5D58C0067CB94;
			remoteInfo = SMSuperMap;
		};
/* End PBXContainerItemProxy section */

/* Begin PBXCopyFilesBuildPhase section */
		0A4417E227CE1BB600DDF353 /* Embed Frameworks */ = {
			isa = PBXCopyFilesBuildPhase;
			buildActionMask = 2147483647;
			dstPath = "";
			dstSubfolderSpec = 10;
			files = (
				0A4417F327CE1BFF00DDF353 /* JKVValue.framework in Embed Frameworks */,
				0A44181027CE1CB500DDF353 /* RMQClient.framework in Embed Frameworks */,
				0A4417E127CE1BB600DDF353 /* CocoaAsyncSocket.framework in Embed Frameworks */,
				0A44182127CE1D8D00DDF353 /* GLTFSceneKit.framework in Embed Frameworks */,
				0A4418B227CE41B500DDF353 /* ZipArchive.framework in Embed Frameworks */,
			);
			name = "Embed Frameworks";
			runOnlyForDeploymentPostprocessing = 0;
		};
/* End PBXCopyFilesBuildPhase section */

/* Begin PBXFileReference section */
		00E356EE1AD99517003FC87E /* SMMobileDemoTests.xctest */ = {isa = PBXFileReference; explicitFileType = wrapper.cfbundle; includeInIndex = 0; path = SMMobileDemoTests.xctest; sourceTree = BUILT_PRODUCTS_DIR; };
		00E356F11AD99517003FC87E /* Info.plist */ = {isa = PBXFileReference; lastKnownFileType = text.plist.xml; path = Info.plist; sourceTree = "<group>"; };
		00E356F21AD99517003FC87E /* SMMobileDemoTests.m */ = {isa = PBXFileReference; lastKnownFileType = sourcecode.c.objc; path = SMMobileDemoTests.m; sourceTree = "<group>"; };
		0A4417D627CE1B8B00DDF353 /* Accelerate.framework */ = {isa = PBXFileReference; lastKnownFileType = wrapper.framework; name = Accelerate.framework; path = System/Library/Frameworks/Accelerate.framework; sourceTree = SDKROOT; };
		0A4417D927CE1B9000DDF353 /* AddressBook.framework */ = {isa = PBXFileReference; lastKnownFileType = wrapper.framework; name = AddressBook.framework; path = System/Library/Frameworks/AddressBook.framework; sourceTree = SDKROOT; };
		0A4417DB27CE1B9900DDF353 /* AudioToolbox.framework */ = {isa = PBXFileReference; lastKnownFileType = wrapper.framework; name = AudioToolbox.framework; path = System/Library/Frameworks/AudioToolbox.framework; sourceTree = SDKROOT; };
		0A4417DD27CE1BA000DDF353 /* AVFoundation.framework */ = {isa = PBXFileReference; lastKnownFileType = wrapper.framework; name = AVFoundation.framework; path = System/Library/Frameworks/AVFoundation.framework; sourceTree = SDKROOT; };
		0A4417DF27CE1BB500DDF353 /* CocoaAsyncSocket.framework */ = {isa = PBXFileReference; lastKnownFileType = wrapper.framework; name = CocoaAsyncSocket.framework; path = iPhoneOS.sdk/CocoaAsyncSocket.framework; sourceTree = "<group>"; };
		0A4417E327CE1BCB00DDF353 /* Contacts.framework */ = {isa = PBXFileReference; lastKnownFileType = wrapper.framework; name = Contacts.framework; path = System/Library/Frameworks/Contacts.framework; sourceTree = SDKROOT; };
		0A4417E527CE1BD500DDF353 /* CoreGraphics.framework */ = {isa = PBXFileReference; lastKnownFileType = wrapper.framework; name = CoreGraphics.framework; path = System/Library/Frameworks/CoreGraphics.framework; sourceTree = SDKROOT; };
		0A4417E727CE1BDB00DDF353 /* CoreLocation.framework */ = {isa = PBXFileReference; lastKnownFileType = wrapper.framework; name = CoreLocation.framework; path = System/Library/Frameworks/CoreLocation.framework; sourceTree = SDKROOT; };
		0A4417E927CE1BE200DDF353 /* CoreMedia.framework */ = {isa = PBXFileReference; lastKnownFileType = wrapper.framework; name = CoreMedia.framework; path = System/Library/Frameworks/CoreMedia.framework; sourceTree = SDKROOT; };
		0A4417EB27CE1BE800DDF353 /* CoreTelephony.framework */ = {isa = PBXFileReference; lastKnownFileType = wrapper.framework; name = CoreTelephony.framework; path = System/Library/Frameworks/CoreTelephony.framework; sourceTree = SDKROOT; };
		0A4417ED27CE1BF000DDF353 /* CoreText.framework */ = {isa = PBXFileReference; lastKnownFileType = wrapper.framework; name = CoreText.framework; path = System/Library/Frameworks/CoreText.framework; sourceTree = SDKROOT; };
		0A4417EF27CE1BF700DDF353 /* ExternalAccessory.framework */ = {isa = PBXFileReference; lastKnownFileType = wrapper.framework; name = ExternalAccessory.framework; path = System/Library/Frameworks/ExternalAccessory.framework; sourceTree = SDKROOT; };
		0A4417F127CE1BFF00DDF353 /* JKVValue.framework */ = {isa = PBXFileReference; lastKnownFileType = wrapper.framework; name = JKVValue.framework; path = iPhoneOS.sdk/JKVValue.framework; sourceTree = "<group>"; };
		0A4417F427CE1C0B00DDF353 /* JRE.framework */ = {isa = PBXFileReference; lastKnownFileType = wrapper.framework; name = JRE.framework; path = iPhoneOS.sdk/JRE.framework; sourceTree = "<group>"; };
		0A4417F727CE1C3200DDF353 /* libflyMSC.a */ = {isa = PBXFileReference; lastKnownFileType = archive.ar; name = libflyMSC.a; path = iPhoneOS.sdk/SuperMap.framework/Versions/A/Resources/ThirdLib/libflyMSC.a; sourceTree = "<group>"; };
		0A4417F827CE1C3200DDF353 /* libAsHttpRequest.a */ = {isa = PBXFileReference; lastKnownFileType = archive.ar; name = libAsHttpRequest.a; path = iPhoneOS.sdk/SuperMap.framework/Versions/A/Resources/ThirdLib/libAsHttpRequest.a; sourceTree = "<group>"; };
		0A4417F927CE1C3200DDF353 /* libSocketRocket.a */ = {isa = PBXFileReference; lastKnownFileType = archive.ar; name = libSocketRocket.a; path = iPhoneOS.sdk/SuperMap.framework/Versions/A/Resources/ThirdLib/libSocketRocket.a; sourceTree = "<group>"; };
		0A4417FA27CE1C3200DDF353 /* libCorePlot.a */ = {isa = PBXFileReference; lastKnownFileType = archive.ar; name = libCorePlot.a; path = iPhoneOS.sdk/SuperMap.framework/Versions/A/Resources/ThirdLib/libCorePlot.a; sourceTree = "<group>"; };
		0A4417FF27CE1C4E00DDF353 /* libstdc++.6.0.9.tbd */ = {isa = PBXFileReference; lastKnownFileType = "sourcecode.text-based-dylib-definition"; name = "libstdc++.6.0.9.tbd"; path = "iPhoneOS/libstdc++.6.0.9.tbd"; sourceTree = "<group>"; };
		0A44180127CE1C5F00DDF353 /* libiconv.2.4.0.tbd */ = {isa = PBXFileReference; lastKnownFileType = "sourcecode.text-based-dylib-definition"; name = libiconv.2.4.0.tbd; path = usr/lib/libiconv.2.4.0.tbd; sourceTree = SDKROOT; };
		0A44180327CE1C7200DDF353 /* libicucore.A.tbd */ = {isa = PBXFileReference; lastKnownFileType = "sourcecode.text-based-dylib-definition"; name = libicucore.A.tbd; path = usr/lib/libicucore.A.tbd; sourceTree = SDKROOT; };
		0A44180627CE1C9000DDF353 /* MediaPlayer.framework */ = {isa = PBXFileReference; lastKnownFileType = wrapper.framework; name = MediaPlayer.framework; path = System/Library/Frameworks/MediaPlayer.framework; sourceTree = SDKROOT; };
		0A44180827CE1C9800DDF353 /* MobileCoreServices.framework */ = {isa = PBXFileReference; lastKnownFileType = wrapper.framework; name = MobileCoreServices.framework; path = System/Library/Frameworks/MobileCoreServices.framework; sourceTree = SDKROOT; };
		0A44180A27CE1C9F00DDF353 /* OpenGLES.framework */ = {isa = PBXFileReference; lastKnownFileType = wrapper.framework; name = OpenGLES.framework; path = System/Library/Frameworks/OpenGLES.framework; sourceTree = SDKROOT; };
		0A44180C27CE1CA600DDF353 /* QuartzCore.framework */ = {isa = PBXFileReference; lastKnownFileType = wrapper.framework; name = QuartzCore.framework; path = System/Library/Frameworks/QuartzCore.framework; sourceTree = SDKROOT; };
		0A44180E27CE1CB500DDF353 /* RMQClient.framework */ = {isa = PBXFileReference; lastKnownFileType = wrapper.framework; name = RMQClient.framework; path = iPhoneOS.sdk/RMQClient.framework; sourceTree = "<group>"; };
		0A44181127CE1CD700DDF353 /* Security.framework */ = {isa = PBXFileReference; lastKnownFileType = wrapper.framework; name = Security.framework; path = System/Library/Frameworks/Security.framework; sourceTree = SDKROOT; };
		0A44181327CE1CE300DDF353 /* SystemConfiguration.framework */ = {isa = PBXFileReference; lastKnownFileType = wrapper.framework; name = SystemConfiguration.framework; path = System/Library/Frameworks/SystemConfiguration.framework; sourceTree = SDKROOT; };
		0A44181527CE1CE900DDF353 /* UIKit.framework */ = {isa = PBXFileReference; lastKnownFileType = wrapper.framework; name = UIKit.framework; path = System/Library/Frameworks/UIKit.framework; sourceTree = SDKROOT; };
		0A44181727CE1CEE00DDF353 /* WebKit.framework */ = {isa = PBXFileReference; lastKnownFileType = wrapper.framework; name = WebKit.framework; path = System/Library/Frameworks/WebKit.framework; sourceTree = SDKROOT; };
		0A44181C27CE1D0800DDF353 /* SuperMap.framework */ = {isa = PBXFileReference; lastKnownFileType = wrapper.framework; name = SuperMap.framework; path = iPhoneOS.sdk/SuperMap.framework; sourceTree = "<group>"; };
		0A44181F27CE1D8D00DDF353 /* GLTFSceneKit.framework */ = {isa = PBXFileReference; lastKnownFileType = wrapper.framework; name = GLTFSceneKit.framework; path = iPhoneOS.sdk/GLTFSceneKit.framework; sourceTree = "<group>"; };
		0A44182727CE2A7000DDF353 /* Workspace.zip */ = {isa = PBXFileReference; lastKnownFileType = archive.zip; path = Workspace.zip; sourceTree = "<group>"; };
		0A4418B027CE41B500DDF353 /* ZipArchive.framework */ = {isa = PBXFileReference; lastKnownFileType = wrapper.framework; name = ZipArchive.framework; path = iPhoneOS.sdk/ZipArchive.framework; sourceTree = "<group>"; };
		0AA85F1A27D5D4470067CB94 /* Navigation_EXAMPLE.zip */ = {isa = PBXFileReference; lastKnownFileType = archive.zip; path = Navigation_EXAMPLE.zip; sourceTree = "<group>"; };
		0AA85F1C27D5D4480067CB94 /* SuperMap.bundle */ = {isa = PBXFileReference; lastKnownFileType = "wrapper.plug-in"; path = SuperMap.bundle; sourceTree = "<group>"; };
		0AA85F2127D5D4520067CB94 /* AppUtils.m */ = {isa = PBXFileReference; fileEncoding = 4; lastKnownFileType = sourcecode.c.objc; path = AppUtils.m; sourceTree = "<group>"; };
		0AA85F2227D5D4520067CB94 /* AppUtils.h */ = {isa = PBXFileReference; fileEncoding = 4; lastKnownFileType = sourcecode.c.h; path = AppUtils.h; sourceTree = "<group>"; };
		0AA85F3B27D5D6300067CB94 /* SMSuperMap.xcodeproj */ = {isa = PBXFileReference; lastKnownFileType = "wrapper.pb-project"; name = SMSuperMap.xcodeproj; path = ../node_modules/imobile_for_reactnative/ios/SMSuperMap.xcodeproj; sourceTree = "<group>"; };
		0AA861B027D5E4FE0067CB94 /* resources.bundle */ = {isa = PBXFileReference; lastKnownFileType = "wrapper.plug-in"; name = resources.bundle; path = ../node_modules/imobile_for_reactnative/ios/assets/resources.bundle; sourceTree = "<group>"; };
		13B07F961A680F5B00A75B9A /* SMMobileDemo.app */ = {isa = PBXFileReference; explicitFileType = wrapper.application; includeInIndex = 0; path = SMMobileDemo.app; sourceTree = BUILT_PRODUCTS_DIR; };
		13B07FAF1A68108700A75B9A /* AppDelegate.h */ = {isa = PBXFileReference; fileEncoding = 4; lastKnownFileType = sourcecode.c.h; name = AppDelegate.h; path = SMMobileDemo/AppDelegate.h; sourceTree = "<group>"; };
		13B07FB01A68108700A75B9A /* AppDelegate.m */ = {isa = PBXFileReference; fileEncoding = 4; lastKnownFileType = sourcecode.c.objc; name = AppDelegate.m; path = SMMobileDemo/AppDelegate.m; sourceTree = "<group>"; };
		13B07FB51A68108700A75B9A /* Images.xcassets */ = {isa = PBXFileReference; lastKnownFileType = folder.assetcatalog; name = Images.xcassets; path = SMMobileDemo/Images.xcassets; sourceTree = "<group>"; };
		13B07FB61A68108700A75B9A /* Info.plist */ = {isa = PBXFileReference; fileEncoding = 4; lastKnownFileType = text.plist.xml; name = Info.plist; path = SMMobileDemo/Info.plist; sourceTree = "<group>"; };
		13B07FB71A68108700A75B9A /* main.m */ = {isa = PBXFileReference; fileEncoding = 4; lastKnownFileType = sourcecode.c.objc; name = main.m; path = SMMobileDemo/main.m; sourceTree = "<group>"; };
		40F113F9B0A7FA19E1E471A7 /* libPods-SMMobileDemo.a */ = {isa = PBXFileReference; explicitFileType = archive.ar; includeInIndex = 0; path = "libPods-SMMobileDemo.a"; sourceTree = BUILT_PRODUCTS_DIR; };
		493F5BEE9D411293C6885EE2 /* libPods-SMMobileDemo-SMMobileDemoTests.a */ = {isa = PBXFileReference; explicitFileType = archive.ar; includeInIndex = 0; path = "libPods-SMMobileDemo-SMMobileDemoTests.a"; sourceTree = BUILT_PRODUCTS_DIR; };
		5C2A6BDA8918E2315B6D60DC /* Pods-SMMobileDemo.release.xcconfig */ = {isa = PBXFileReference; includeInIndex = 1; lastKnownFileType = text.xcconfig; name = "Pods-SMMobileDemo.release.xcconfig"; path = "Target Support Files/Pods-SMMobileDemo/Pods-SMMobileDemo.release.xcconfig"; sourceTree = "<group>"; };
		6F39D26199999805CCA7F1E1 /* Pods-SMMobileDemo-SMMobileDemoTests.debug.xcconfig */ = {isa = PBXFileReference; includeInIndex = 1; lastKnownFileType = text.xcconfig; name = "Pods-SMMobileDemo-SMMobileDemoTests.debug.xcconfig"; path = "Target Support Files/Pods-SMMobileDemo-SMMobileDemoTests/Pods-SMMobileDemo-SMMobileDemoTests.debug.xcconfig"; sourceTree = "<group>"; };
		81AB9BB72411601600AC10FF /* LaunchScreen.storyboard */ = {isa = PBXFileReference; fileEncoding = 4; lastKnownFileType = file.storyboard; name = LaunchScreen.storyboard; path = SMMobileDemo/LaunchScreen.storyboard; sourceTree = "<group>"; };
		83CBA0697EF5EE75060D6EEF /* Pods-SMMobileDemo-SMMobileDemoTests.release.xcconfig */ = {isa = PBXFileReference; includeInIndex = 1; lastKnownFileType = text.xcconfig; name = "Pods-SMMobileDemo-SMMobileDemoTests.release.xcconfig"; path = "Target Support Files/Pods-SMMobileDemo-SMMobileDemoTests/Pods-SMMobileDemo-SMMobileDemoTests.release.xcconfig"; sourceTree = "<group>"; };
		EB1E3349829652F1D1F4C6FD /* Pods-SMMobileDemo.debug.xcconfig */ = {isa = PBXFileReference; includeInIndex = 1; lastKnownFileType = text.xcconfig; name = "Pods-SMMobileDemo.debug.xcconfig"; path = "Target Support Files/Pods-SMMobileDemo/Pods-SMMobileDemo.debug.xcconfig"; sourceTree = "<group>"; };
		ED297162215061F000B7C4FE /* JavaScriptCore.framework */ = {isa = PBXFileReference; lastKnownFileType = wrapper.framework; name = JavaScriptCore.framework; path = System/Library/Frameworks/JavaScriptCore.framework; sourceTree = SDKROOT; };
/* End PBXFileReference section */

/* Begin PBXFrameworksBuildPhase section */
		00E356EB1AD99517003FC87E /* Frameworks */ = {
			isa = PBXFrameworksBuildPhase;
			buildActionMask = 2147483647;
			files = (
				8EF90F56BBCD9262FFAC60B2 /* libPods-SMMobileDemo-SMMobileDemoTests.a in Frameworks */,
			);
			runOnlyForDeploymentPostprocessing = 0;
		};
		13B07F8C1A680F5B00A75B9A /* Frameworks */ = {
			isa = PBXFrameworksBuildPhase;
			buildActionMask = 2147483647;
			files = (
				0A44181D27CE1D0800DDF353 /* SuperMap.framework in Frameworks */,
				0AA85F4127D5D66A0067CB94 /* libSMSuperMap.a in Frameworks */,
				0A4417E427CE1BCC00DDF353 /* Contacts.framework in Frameworks */,
				0A4417E027CE1BB500DDF353 /* CocoaAsyncSocket.framework in Frameworks */,
				0A4417DA27CE1B9100DDF353 /* AddressBook.framework in Frameworks */,
				0A44180B27CE1C9F00DDF353 /* OpenGLES.framework in Frameworks */,
				0A44180927CE1C9800DDF353 /* MobileCoreServices.framework in Frameworks */,
				0A4417FD27CE1C3800DDF353 /* libAsHttpRequest.a in Frameworks */,
				0A4417EC27CE1BE800DDF353 /* CoreTelephony.framework in Frameworks */,
				0A4417E827CE1BDC00DDF353 /* CoreLocation.framework in Frameworks */,
				0A44180D27CE1CA600DDF353 /* QuartzCore.framework in Frameworks */,
				0A4417EA27CE1BE200DDF353 /* CoreMedia.framework in Frameworks */,
				0A44180F27CE1CB500DDF353 /* RMQClient.framework in Frameworks */,
				49FABE331317A6D534997ACF /* libPods-SMMobileDemo.a in Frameworks */,
				0A44182027CE1D8D00DDF353 /* GLTFSceneKit.framework in Frameworks */,
				0A4417FE27CE1C3800DDF353 /* libflyMSC.a in Frameworks */,
				0A4417FC27CE1C3800DDF353 /* libCorePlot.a in Frameworks */,
				0A4417E627CE1BD500DDF353 /* CoreGraphics.framework in Frameworks */,
				0A44180227CE1C6900DDF353 /* libiconv.2.4.0.tbd in Frameworks */,
				0A44181427CE1CE300DDF353 /* SystemConfiguration.framework in Frameworks */,
				0A44181227CE1CD700DDF353 /* Security.framework in Frameworks */,
				0A44181827CE1CEE00DDF353 /* WebKit.framework in Frameworks */,
				0A44180427CE1C7C00DDF353 /* libicucore.A.tbd in Frameworks */,
				0A4417FB27CE1C3700DDF353 /* libSocketRocket.a in Frameworks */,
				0A4417EE27CE1BF000DDF353 /* CoreText.framework in Frameworks */,
				0A44181627CE1CE900DDF353 /* UIKit.framework in Frameworks */,
				0A4417DE27CE1BA000DDF353 /* AVFoundation.framework in Frameworks */,
				0A4417F527CE1C0B00DDF353 /* JRE.framework in Frameworks */,
				0A44180027CE1C5100DDF353 /* libstdc++.6.0.9.tbd in Frameworks */,
				0A4417F227CE1BFF00DDF353 /* JKVValue.framework in Frameworks */,
				0A4417D827CE1B8B00DDF353 /* Accelerate.framework in Frameworks */,
				0A4417DC27CE1B9A00DDF353 /* AudioToolbox.framework in Frameworks */,
				0A44180727CE1C9000DDF353 /* MediaPlayer.framework in Frameworks */,
				0A4417F027CE1BF700DDF353 /* ExternalAccessory.framework in Frameworks */,
				0A4418B127CE41B500DDF353 /* ZipArchive.framework in Frameworks */,
			);
			runOnlyForDeploymentPostprocessing = 0;
		};
/* End PBXFrameworksBuildPhase section */

/* Begin PBXGroup section */
		00E356EF1AD99517003FC87E /* SMMobileDemoTests */ = {
			isa = PBXGroup;
			children = (
				00E356F21AD99517003FC87E /* SMMobileDemoTests.m */,
				00E356F01AD99517003FC87E /* Supporting Files */,
			);
			path = SMMobileDemoTests;
			sourceTree = "<group>";
		};
		00E356F01AD99517003FC87E /* Supporting Files */ = {
			isa = PBXGroup;
			children = (
				00E356F11AD99517003FC87E /* Info.plist */,
			);
			name = "Supporting Files";
			sourceTree = "<group>";
		};
		0AA85F2027D5D4520067CB94 /* rn */ = {
			isa = PBXGroup;
			children = (
				0AA85F2127D5D4520067CB94 /* AppUtils.m */,
				0AA85F2227D5D4520067CB94 /* AppUtils.h */,
			);
			path = rn;
			sourceTree = "<group>";
		};
		0AA85F3C27D5D6300067CB94 /* Products */ = {
			isa = PBXGroup;
			children = (
				0AA85F4027D5D6300067CB94 /* libSMSuperMap.a */,
			);
			name = Products;
			sourceTree = "<group>";
		};
		0AF4856727BF8E2E0087F871 /* assets */ = {
			isa = PBXGroup;
			children = (
				0AA85F1A27D5D4470067CB94 /* Navigation_EXAMPLE.zip */,
				0AA85F1C27D5D4480067CB94 /* SuperMap.bundle */,
				0A44182727CE2A7000DDF353 /* Workspace.zip */,
			);
			path = assets;
			sourceTree = "<group>";
		};
		13B07FAE1A68108700A75B9A /* SMMobileDemo */ = {
			isa = PBXGroup;
			children = (
				0AA85F2027D5D4520067CB94 /* rn */,
				0AF4856727BF8E2E0087F871 /* assets */,
				13B07FAF1A68108700A75B9A /* AppDelegate.h */,
				13B07FB01A68108700A75B9A /* AppDelegate.m */,
				13B07FB51A68108700A75B9A /* Images.xcassets */,
				13B07FB61A68108700A75B9A /* Info.plist */,
				81AB9BB72411601600AC10FF /* LaunchScreen.storyboard */,
				13B07FB71A68108700A75B9A /* main.m */,
			);
			name = SMMobileDemo;
			sourceTree = "<group>";
		};
		2D16E6871FA4F8E400B85C8A /* Frameworks */ = {
			isa = PBXGroup;
			children = (
				0A4418B027CE41B500DDF353 /* ZipArchive.framework */,
				0A44181F27CE1D8D00DDF353 /* GLTFSceneKit.framework */,
				0A44181C27CE1D0800DDF353 /* SuperMap.framework */,
				0A44181727CE1CEE00DDF353 /* WebKit.framework */,
				0A44181527CE1CE900DDF353 /* UIKit.framework */,
				0A44181327CE1CE300DDF353 /* SystemConfiguration.framework */,
				0A44181127CE1CD700DDF353 /* Security.framework */,
				0A44180E27CE1CB500DDF353 /* RMQClient.framework */,
				0A44180C27CE1CA600DDF353 /* QuartzCore.framework */,
				0A44180A27CE1C9F00DDF353 /* OpenGLES.framework */,
				0A44180827CE1C9800DDF353 /* MobileCoreServices.framework */,
				0A44180627CE1C9000DDF353 /* MediaPlayer.framework */,
				0A44180327CE1C7200DDF353 /* libicucore.A.tbd */,
				0A44180127CE1C5F00DDF353 /* libiconv.2.4.0.tbd */,
				0A4417FF27CE1C4E00DDF353 /* libstdc++.6.0.9.tbd */,
				0A4417F827CE1C3200DDF353 /* libAsHttpRequest.a */,
				0A4417FA27CE1C3200DDF353 /* libCorePlot.a */,
				0A4417F727CE1C3200DDF353 /* libflyMSC.a */,
				0A4417F927CE1C3200DDF353 /* libSocketRocket.a */,
				0A4417F427CE1C0B00DDF353 /* JRE.framework */,
				0A4417F127CE1BFF00DDF353 /* JKVValue.framework */,
				0A4417EF27CE1BF700DDF353 /* ExternalAccessory.framework */,
				0A4417ED27CE1BF000DDF353 /* CoreText.framework */,
				0A4417EB27CE1BE800DDF353 /* CoreTelephony.framework */,
				0A4417E927CE1BE200DDF353 /* CoreMedia.framework */,
				0A4417E727CE1BDB00DDF353 /* CoreLocation.framework */,
				0A4417E527CE1BD500DDF353 /* CoreGraphics.framework */,
				0A4417E327CE1BCB00DDF353 /* Contacts.framework */,
				0A4417DF27CE1BB500DDF353 /* CocoaAsyncSocket.framework */,
				0A4417DD27CE1BA000DDF353 /* AVFoundation.framework */,
				0A4417DB27CE1B9900DDF353 /* AudioToolbox.framework */,
				0A4417D927CE1B9000DDF353 /* AddressBook.framework */,
				0A4417D627CE1B8B00DDF353 /* Accelerate.framework */,
				ED297162215061F000B7C4FE /* JavaScriptCore.framework */,
				40F113F9B0A7FA19E1E471A7 /* libPods-SMMobileDemo.a */,
				493F5BEE9D411293C6885EE2 /* libPods-SMMobileDemo-SMMobileDemoTests.a */,
			);
			name = Frameworks;
			sourceTree = "<group>";
		};
		63C2F72F82086B4FA877A309 /* Pods */ = {
			isa = PBXGroup;
			children = (
				EB1E3349829652F1D1F4C6FD /* Pods-SMMobileDemo.debug.xcconfig */,
				5C2A6BDA8918E2315B6D60DC /* Pods-SMMobileDemo.release.xcconfig */,
				6F39D26199999805CCA7F1E1 /* Pods-SMMobileDemo-SMMobileDemoTests.debug.xcconfig */,
				83CBA0697EF5EE75060D6EEF /* Pods-SMMobileDemo-SMMobileDemoTests.release.xcconfig */,
			);
			path = Pods;
			sourceTree = "<group>";
		};
		832341AE1AAA6A7D00B99B32 /* Libraries */ = {
			isa = PBXGroup;
			children = (
				0AA85F3B27D5D6300067CB94 /* SMSuperMap.xcodeproj */,
			);
			name = Libraries;
			sourceTree = "<group>";
		};
		83CBB9F61A601CBA00E9B192 = {
			isa = PBXGroup;
			children = (
				0AA861B027D5E4FE0067CB94 /* resources.bundle */,
				13B07FAE1A68108700A75B9A /* SMMobileDemo */,
				832341AE1AAA6A7D00B99B32 /* Libraries */,
				00E356EF1AD99517003FC87E /* SMMobileDemoTests */,
				83CBBA001A601CBA00E9B192 /* Products */,
				2D16E6871FA4F8E400B85C8A /* Frameworks */,
				63C2F72F82086B4FA877A309 /* Pods */,
			);
			indentWidth = 2;
			sourceTree = "<group>";
			tabWidth = 2;
			usesTabs = 0;
		};
		83CBBA001A601CBA00E9B192 /* Products */ = {
			isa = PBXGroup;
			children = (
				13B07F961A680F5B00A75B9A /* SMMobileDemo.app */,
				00E356EE1AD99517003FC87E /* SMMobileDemoTests.xctest */,
			);
			name = Products;
			sourceTree = "<group>";
		};
/* End PBXGroup section */

/* Begin PBXNativeTarget section */
		00E356ED1AD99517003FC87E /* SMMobileDemoTests */ = {
			isa = PBXNativeTarget;
			buildConfigurationList = 00E357021AD99517003FC87E /* Build configuration list for PBXNativeTarget "SMMobileDemoTests" */;
			buildPhases = (
				B12ED1F6A8AEB6A1A65820EF /* [CP] Check Pods Manifest.lock */,
				00E356EA1AD99517003FC87E /* Sources */,
				00E356EB1AD99517003FC87E /* Frameworks */,
				00E356EC1AD99517003FC87E /* Resources */,
				0148DE4B14694B5CBD2605EB /* [CP] Embed Pods Frameworks */,
				BC5DAB81E77ACF641D5C2809 /* [CP] Copy Pods Resources */,
			);
			buildRules = (
			);
			dependencies = (
				00E356F51AD99517003FC87E /* PBXTargetDependency */,
			);
			name = SMMobileDemoTests;
			productName = SMMobileDemoTests;
			productReference = 00E356EE1AD99517003FC87E /* SMMobileDemoTests.xctest */;
			productType = "com.apple.product-type.bundle.unit-test";
		};
		13B07F861A680F5B00A75B9A /* SMMobileDemo */ = {
			isa = PBXNativeTarget;
			buildConfigurationList = 13B07F931A680F5B00A75B9A /* Build configuration list for PBXNativeTarget "SMMobileDemo" */;
			buildPhases = (
				6B8C879FF3BB28E96AA62C65 /* [CP] Check Pods Manifest.lock */,
				FD10A7F022414F080027D42C /* Start Packager */,
				13B07F871A680F5B00A75B9A /* Sources */,
				13B07F8C1A680F5B00A75B9A /* Frameworks */,
				13B07F8E1A680F5B00A75B9A /* Resources */,
				00DD1BFF1BD5951E006B06BC /* Bundle React Native code and images */,
				04ED36D19D51996039881BF8 /* [CP] Embed Pods Frameworks */,
				24DE041D18A0780D8DE3FECE /* [CP] Copy Pods Resources */,
				0A4417E227CE1BB600DDF353 /* Embed Frameworks */,
			);
			buildRules = (
			);
			dependencies = (
			);
			name = SMMobileDemo;
			productName = SMMobileDemo;
			productReference = 13B07F961A680F5B00A75B9A /* SMMobileDemo.app */;
			productType = "com.apple.product-type.application";
		};
/* End PBXNativeTarget section */

/* Begin PBXProject section */
		83CBB9F71A601CBA00E9B192 /* Project object */ = {
			isa = PBXProject;
			attributes = {
				LastUpgradeCheck = 1210;
				TargetAttributes = {
					00E356ED1AD99517003FC87E = {
						CreatedOnToolsVersion = 6.2;
						TestTargetID = 13B07F861A680F5B00A75B9A;
					};
					13B07F861A680F5B00A75B9A = {
						LastSwiftMigration = 1120;
					};
				};
			};
			buildConfigurationList = 83CBB9FA1A601CBA00E9B192 /* Build configuration list for PBXProject "SMMobileDemo" */;
			compatibilityVersion = "Xcode 12.0";
			developmentRegion = en;
			hasScannedForEncodings = 0;
			knownRegions = (
				en,
				Base,
			);
			mainGroup = 83CBB9F61A601CBA00E9B192;
			productRefGroup = 83CBBA001A601CBA00E9B192 /* Products */;
			projectDirPath = "";
			projectReferences = (
				{
					ProductGroup = 0AA85F3C27D5D6300067CB94 /* Products */;
					ProjectRef = 0AA85F3B27D5D6300067CB94 /* SMSuperMap.xcodeproj */;
				},
			);
			projectRoot = "";
			targets = (
				13B07F861A680F5B00A75B9A /* SMMobileDemo */,
				00E356ED1AD99517003FC87E /* SMMobileDemoTests */,
			);
		};
/* End PBXProject section */

/* Begin PBXReferenceProxy section */
		0AA85F4027D5D6300067CB94 /* libSMSuperMap.a */ = {
			isa = PBXReferenceProxy;
			fileType = archive.ar;
			path = libSMSuperMap.a;
			remoteRef = 0AA85F3F27D5D6300067CB94 /* PBXContainerItemProxy */;
			sourceTree = BUILT_PRODUCTS_DIR;
		};
/* End PBXReferenceProxy section */

/* Begin PBXResourcesBuildPhase section */
		00E356EC1AD99517003FC87E /* Resources */ = {
			isa = PBXResourcesBuildPhase;
			buildActionMask = 2147483647;
			files = (
			);
			runOnlyForDeploymentPostprocessing = 0;
		};
		13B07F8E1A680F5B00A75B9A /* Resources */ = {
			isa = PBXResourcesBuildPhase;
			buildActionMask = 2147483647;
			files = (
				0AA861B127D5E4FE0067CB94 /* resources.bundle in Resources */,
				0A44182827CE2A7000DDF353 /* Workspace.zip in Resources */,
				0AA85F1F27D5D4480067CB94 /* SuperMap.bundle in Resources */,
				81AB9BB82411601600AC10FF /* LaunchScreen.storyboard in Resources */,
				0AA85F1D27D5D4480067CB94 /* Navigation_EXAMPLE.zip in Resources */,
				13B07FBF1A68108700A75B9A /* Images.xcassets in Resources */,
			);
			runOnlyForDeploymentPostprocessing = 0;
		};
/* End PBXResourcesBuildPhase section */

/* Begin PBXShellScriptBuildPhase section */
		00DD1BFF1BD5951E006B06BC /* Bundle React Native code and images */ = {
			isa = PBXShellScriptBuildPhase;
			buildActionMask = 8;
			files = (
			);
			inputPaths = (
			);
			name = "Bundle React Native code and images";
			outputPaths = (
			);
			runOnlyForDeploymentPostprocessing = 1;
			shellPath = /bin/sh;
			shellScript = "set -e\n\nexport NODE_BINARY=node\n../node_modules/react-native/scripts/react-native-xcode.sh\n";
		};
		0148DE4B14694B5CBD2605EB /* [CP] Embed Pods Frameworks */ = {
			isa = PBXShellScriptBuildPhase;
			buildActionMask = 2147483647;
			files = (
			);
			inputFileListPaths = (
				"${PODS_ROOT}/Target Support Files/Pods-SMMobileDemo-SMMobileDemoTests/Pods-SMMobileDemo-SMMobileDemoTests-frameworks-${CONFIGURATION}-input-files.xcfilelist",
			);
			name = "[CP] Embed Pods Frameworks";
			outputFileListPaths = (
				"${PODS_ROOT}/Target Support Files/Pods-SMMobileDemo-SMMobileDemoTests/Pods-SMMobileDemo-SMMobileDemoTests-frameworks-${CONFIGURATION}-output-files.xcfilelist",
			);
			runOnlyForDeploymentPostprocessing = 0;
			shellPath = /bin/sh;
			shellScript = "\"${PODS_ROOT}/Target Support Files/Pods-SMMobileDemo-SMMobileDemoTests/Pods-SMMobileDemo-SMMobileDemoTests-frameworks.sh\"\n";
			showEnvVarsInLog = 0;
		};
		04ED36D19D51996039881BF8 /* [CP] Embed Pods Frameworks */ = {
			isa = PBXShellScriptBuildPhase;
			buildActionMask = 2147483647;
			files = (
			);
			inputFileListPaths = (
				"${PODS_ROOT}/Target Support Files/Pods-SMMobileDemo/Pods-SMMobileDemo-frameworks-${CONFIGURATION}-input-files.xcfilelist",
			);
			name = "[CP] Embed Pods Frameworks";
			outputFileListPaths = (
				"${PODS_ROOT}/Target Support Files/Pods-SMMobileDemo/Pods-SMMobileDemo-frameworks-${CONFIGURATION}-output-files.xcfilelist",
			);
			runOnlyForDeploymentPostprocessing = 0;
			shellPath = /bin/sh;
			shellScript = "\"${PODS_ROOT}/Target Support Files/Pods-SMMobileDemo/Pods-SMMobileDemo-frameworks.sh\"\n";
			showEnvVarsInLog = 0;
		};
		24DE041D18A0780D8DE3FECE /* [CP] Copy Pods Resources */ = {
			isa = PBXShellScriptBuildPhase;
			buildActionMask = 2147483647;
			files = (
			);
			inputFileListPaths = (
				"${PODS_ROOT}/Target Support Files/Pods-SMMobileDemo/Pods-SMMobileDemo-resources-${CONFIGURATION}-input-files.xcfilelist",
			);
			name = "[CP] Copy Pods Resources";
			outputFileListPaths = (
				"${PODS_ROOT}/Target Support Files/Pods-SMMobileDemo/Pods-SMMobileDemo-resources-${CONFIGURATION}-output-files.xcfilelist",
			);
			runOnlyForDeploymentPostprocessing = 0;
			shellPath = /bin/sh;
			shellScript = "\"${PODS_ROOT}/Target Support Files/Pods-SMMobileDemo/Pods-SMMobileDemo-resources.sh\"\n";
			showEnvVarsInLog = 0;
		};
		6B8C879FF3BB28E96AA62C65 /* [CP] Check Pods Manifest.lock */ = {
			isa = PBXShellScriptBuildPhase;
			buildActionMask = 2147483647;
			files = (
			);
			inputFileListPaths = (
			);
			inputPaths = (
				"${PODS_PODFILE_DIR_PATH}/Podfile.lock",
				"${PODS_ROOT}/Manifest.lock",
			);
			name = "[CP] Check Pods Manifest.lock";
			outputFileListPaths = (
			);
			outputPaths = (
				"$(DERIVED_FILE_DIR)/Pods-SMMobileDemo-checkManifestLockResult.txt",
			);
			runOnlyForDeploymentPostprocessing = 0;
			shellPath = /bin/sh;
			shellScript = "diff \"${PODS_PODFILE_DIR_PATH}/Podfile.lock\" \"${PODS_ROOT}/Manifest.lock\" > /dev/null\nif [ $? != 0 ] ; then\n    # print error to STDERR\n    echo \"error: The sandbox is not in sync with the Podfile.lock. Run 'pod install' or update your CocoaPods installation.\" >&2\n    exit 1\nfi\n# This output is used by Xcode 'outputs' to avoid re-running this script phase.\necho \"SUCCESS\" > \"${SCRIPT_OUTPUT_FILE_0}\"\n";
			showEnvVarsInLog = 0;
		};
		B12ED1F6A8AEB6A1A65820EF /* [CP] Check Pods Manifest.lock */ = {
			isa = PBXShellScriptBuildPhase;
			buildActionMask = 2147483647;
			files = (
			);
			inputFileListPaths = (
			);
			inputPaths = (
				"${PODS_PODFILE_DIR_PATH}/Podfile.lock",
				"${PODS_ROOT}/Manifest.lock",
			);
			name = "[CP] Check Pods Manifest.lock";
			outputFileListPaths = (
			);
			outputPaths = (
				"$(DERIVED_FILE_DIR)/Pods-SMMobileDemo-SMMobileDemoTests-checkManifestLockResult.txt",
			);
			runOnlyForDeploymentPostprocessing = 0;
			shellPath = /bin/sh;
			shellScript = "diff \"${PODS_PODFILE_DIR_PATH}/Podfile.lock\" \"${PODS_ROOT}/Manifest.lock\" > /dev/null\nif [ $? != 0 ] ; then\n    # print error to STDERR\n    echo \"error: The sandbox is not in sync with the Podfile.lock. Run 'pod install' or update your CocoaPods installation.\" >&2\n    exit 1\nfi\n# This output is used by Xcode 'outputs' to avoid re-running this script phase.\necho \"SUCCESS\" > \"${SCRIPT_OUTPUT_FILE_0}\"\n";
			showEnvVarsInLog = 0;
		};
		BC5DAB81E77ACF641D5C2809 /* [CP] Copy Pods Resources */ = {
			isa = PBXShellScriptBuildPhase;
			buildActionMask = 2147483647;
			files = (
			);
			inputFileListPaths = (
				"${PODS_ROOT}/Target Support Files/Pods-SMMobileDemo-SMMobileDemoTests/Pods-SMMobileDemo-SMMobileDemoTests-resources-${CONFIGURATION}-input-files.xcfilelist",
			);
			name = "[CP] Copy Pods Resources";
			outputFileListPaths = (
				"${PODS_ROOT}/Target Support Files/Pods-SMMobileDemo-SMMobileDemoTests/Pods-SMMobileDemo-SMMobileDemoTests-resources-${CONFIGURATION}-output-files.xcfilelist",
			);
			runOnlyForDeploymentPostprocessing = 0;
			shellPath = /bin/sh;
			shellScript = "\"${PODS_ROOT}/Target Support Files/Pods-SMMobileDemo-SMMobileDemoTests/Pods-SMMobileDemo-SMMobileDemoTests-resources.sh\"\n";
			showEnvVarsInLog = 0;
		};
		FD10A7F022414F080027D42C /* Start Packager */ = {
			isa = PBXShellScriptBuildPhase;
			buildActionMask = 2147483647;
			files = (
			);
			inputFileListPaths = (
			);
			inputPaths = (
			);
			name = "Start Packager";
			outputFileListPaths = (
			);
			outputPaths = (
			);
			runOnlyForDeploymentPostprocessing = 0;
			shellPath = /bin/sh;
			shellScript = "export RCT_METRO_PORT=\"${RCT_METRO_PORT:=8081}\"\necho \"export RCT_METRO_PORT=${RCT_METRO_PORT}\" > \"${SRCROOT}/../node_modules/react-native/scripts/.packager.env\"\nif [ -z \"${RCT_NO_LAUNCH_PACKAGER+xxx}\" ] ; then\n  if nc -w 5 -z localhost ${RCT_METRO_PORT} ; then\n    if ! curl -s \"http://localhost:${RCT_METRO_PORT}/status\" | grep -q \"packager-status:running\" ; then\n      echo \"Port ${RCT_METRO_PORT} already in use, packager is either not running or not running correctly\"\n      exit 2\n    fi\n  else\n    open \"$SRCROOT/../node_modules/react-native/scripts/launchPackager.command\" || echo \"Can't start packager automatically\"\n  fi\nfi\n";
			showEnvVarsInLog = 0;
		};
/* End PBXShellScriptBuildPhase section */

/* Begin PBXSourcesBuildPhase section */
		00E356EA1AD99517003FC87E /* Sources */ = {
			isa = PBXSourcesBuildPhase;
			buildActionMask = 2147483647;
			files = (
				00E356F31AD99517003FC87E /* SMMobileDemoTests.m in Sources */,
			);
			runOnlyForDeploymentPostprocessing = 0;
		};
		13B07F871A680F5B00A75B9A /* Sources */ = {
			isa = PBXSourcesBuildPhase;
			buildActionMask = 2147483647;
			files = (
				13B07FBC1A68108700A75B9A /* AppDelegate.m in Sources */,
				0AA85F2327D5D4520067CB94 /* AppUtils.m in Sources */,
				13B07FC11A68108700A75B9A /* main.m in Sources */,
			);
			runOnlyForDeploymentPostprocessing = 0;
		};
/* End PBXSourcesBuildPhase section */

/* Begin PBXTargetDependency section */
		00E356F51AD99517003FC87E /* PBXTargetDependency */ = {
			isa = PBXTargetDependency;
			target = 13B07F861A680F5B00A75B9A /* SMMobileDemo */;
			targetProxy = 00E356F41AD99517003FC87E /* PBXContainerItemProxy */;
		};
/* End PBXTargetDependency section */

/* Begin XCBuildConfiguration section */
		00E356F61AD99517003FC87E /* Debug */ = {
			isa = XCBuildConfiguration;
			baseConfigurationReference = 6F39D26199999805CCA7F1E1 /* Pods-SMMobileDemo-SMMobileDemoTests.debug.xcconfig */;
			buildSettings = {
				BUNDLE_LOADER = "$(TEST_HOST)";
				GCC_PREPROCESSOR_DEFINITIONS = (
					"DEBUG=1",
					"$(inherited)",
				);
				INFOPLIST_FILE = SMMobileDemoTests/Info.plist;
				IPHONEOS_DEPLOYMENT_TARGET = 11.0;
				LD_RUNPATH_SEARCH_PATHS = (
					"$(inherited)",
					"@executable_path/Frameworks",
					"@loader_path/Frameworks",
				);
				LIBRARY_SEARCH_PATHS = (
					"$(inherited)",
					"$(PROJECT_DIR)",
				);
				OTHER_LDFLAGS = (
					"-ObjC",
					"-lc++",
					"$(inherited)",
				);
				PRODUCT_BUNDLE_IDENTIFIER = "org.reactjs.native.example.$(PRODUCT_NAME:rfc1034identifier)";
				PRODUCT_NAME = "$(TARGET_NAME)";
				TEST_HOST = "$(BUILT_PRODUCTS_DIR)/SMMobileDemo.app/SMMobileDemo";
			};
			name = Debug;
		};
		00E356F71AD99517003FC87E /* Release */ = {
			isa = XCBuildConfiguration;
			baseConfigurationReference = 83CBA0697EF5EE75060D6EEF /* Pods-SMMobileDemo-SMMobileDemoTests.release.xcconfig */;
			buildSettings = {
				BUNDLE_LOADER = "$(TEST_HOST)";
				COPY_PHASE_STRIP = NO;
				INFOPLIST_FILE = SMMobileDemoTests/Info.plist;
				IPHONEOS_DEPLOYMENT_TARGET = 11.0;
				LD_RUNPATH_SEARCH_PATHS = (
					"$(inherited)",
					"@executable_path/Frameworks",
					"@loader_path/Frameworks",
				);
				LIBRARY_SEARCH_PATHS = (
					"$(inherited)",
					"$(PROJECT_DIR)",
				);
				OTHER_LDFLAGS = (
					"-ObjC",
					"-lc++",
					"$(inherited)",
				);
				PRODUCT_BUNDLE_IDENTIFIER = "org.reactjs.native.example.$(PRODUCT_NAME:rfc1034identifier)";
				PRODUCT_NAME = "$(TARGET_NAME)";
				TEST_HOST = "$(BUILT_PRODUCTS_DIR)/SMMobileDemo.app/SMMobileDemo";
			};
			name = Release;
		};
		13B07F941A680F5B00A75B9A /* Debug */ = {
			isa = XCBuildConfiguration;
			baseConfigurationReference = EB1E3349829652F1D1F4C6FD /* Pods-SMMobileDemo.debug.xcconfig */;
			buildSettings = {
				ASSETCATALOG_COMPILER_APPICON_NAME = AppIcon;
				CLANG_ENABLE_MODULES = YES;
				CURRENT_PROJECT_VERSION = 1;
				DEVELOPMENT_TEAM = URZW253WPZ;
				ENABLE_BITCODE = NO;
				FRAMEWORK_SEARCH_PATHS = (
					"$(inherited)",
					"$(PROJECT_DIR)/iPhoneOS.sdk",
					"$(PROJECT_DIR)",
					"$(PROJECT_DIR)/MessageQueue.sdk",
				);
				HEADER_SEARCH_PATHS = (
					"$(inherited)",
					"\"${PODS_ROOT}/Headers/Public\"",
					"\"${PODS_ROOT}/Headers/Public/CocoaAsyncSocket\"",
					"\"${PODS_ROOT}/Headers/Public/DoubleConversion\"",
					"\"${PODS_ROOT}/Headers/Public/FBLazyVector\"",
					"\"${PODS_ROOT}/Headers/Public/FBReactNativeSpec\"",
					"\"${PODS_ROOT}/Headers/Public/Flipper\"",
					"\"${PODS_ROOT}/Headers/Public/Flipper-Fmt\"",
					"\"${PODS_ROOT}/Headers/Public/Flipper-Folly\"",
					"\"${PODS_ROOT}/Headers/Public/Flipper-Glog\"",
					"\"${PODS_ROOT}/Headers/Public/Flipper-PeerTalk\"",
					"\"${PODS_ROOT}/Headers/Public/Flipper-RSocket\"",
					"\"${PODS_ROOT}/Headers/Public/FlipperKit\"",
					"\"${PODS_ROOT}/Headers/Public/RCT-Folly\"",
					"\"${PODS_ROOT}/Headers/Public/RCTRequired\"",
					"\"${PODS_ROOT}/Headers/Public/RCTTypeSafety\"",
					"\"${PODS_ROOT}/Headers/Public/RNCAsyncStorage\"",
					"\"${PODS_ROOT}/Headers/Public/RNCMaskedView\"",
					"\"${PODS_ROOT}/Headers/Public/RNGestureHandler\"",
					"\"${PODS_ROOT}/Headers/Public/RNReanimated\"",
					"\"${PODS_ROOT}/Headers/Public/RNScreens\"",
					"\"${PODS_ROOT}/Headers/Public/React-Core\"",
					"\"${PODS_ROOT}/Headers/Public/React-RCTBlob\"",
					"\"${PODS_ROOT}/Headers/Public/React-RCTText\"",
					"\"${PODS_ROOT}/Headers/Public/React-callinvoker\"",
					"\"${PODS_ROOT}/Headers/Public/React-cxxreact\"",
					"\"${PODS_ROOT}/Headers/Public/React-jsi\"",
					"\"${PODS_ROOT}/Headers/Public/React-jsiexecutor\"",
					"\"${PODS_ROOT}/Headers/Public/React-jsinspector\"",
					"\"${PODS_ROOT}/Headers/Public/React-logger\"",
					"\"${PODS_ROOT}/Headers/Public/React-perflogger\"",
					"\"${PODS_ROOT}/Headers/Public/React-runtimeexecutor\"",
					"\"${PODS_ROOT}/Headers/Public/ReactCommon\"",
					"\"${PODS_ROOT}/Headers/Public/Yoga\"",
					"\"${PODS_ROOT}/Headers/Public/YogaKit\"",
					"\"${PODS_ROOT}/Headers/Public/fmt\"",
					"\"${PODS_ROOT}/Headers/Public/glog\"",
					"\"${PODS_ROOT}/Headers/Public/libevent\"",
					"\"${PODS_ROOT}/Headers/Public/react-native-background-timer\"",
					"\"${PODS_ROOT}/Headers/Public/react-native-orientation\"",
					"\"${PODS_ROOT}/Headers/Public/react-native-safe-area-context\"",
					"\"$(PODS_ROOT)/DoubleConversion\"",
					"\"$(PODS_ROOT)/boost\"",
					"\"$(PODS_ROOT)/boost\"",
					"\"$(PODS_ROOT)/boost-for-react-native\"",
					"\"$(PODS_ROOT)/glog\"",
					"\"$(PODS_ROOT)/RCT-Folly\"",
					"\"${PODS_ROOT}/Headers/Public/React-hermes\"",
					"\"${PODS_ROOT}/Headers/Public/hermes-engine\"",
					"\"$(PODS_ROOT)/Headers/Private/React-Core\"",
					"\"$(PODS_TARGET_SRCROOT)/include/\"",
					"$(SRCROOT)/../node_modules/imobile_for_reactnative/ios/Headers",
					"$(SRCROOT)/../node_modules/imobile_for_reactnative/ios/SuperMap",
				);
				INFOPLIST_FILE = SMMobileDemo/Info.plist;
				LD_RUNPATH_SEARCH_PATHS = (
					"$(inherited)",
					"@executable_path/Frameworks",
				);
				LIBRARY_SEARCH_PATHS = (
					"$(inherited)",
					"$(PROJECT_DIR)/iPhoneOS.sdk/SuperMap.framework/Versions/A/Resources/ThirdLib",
					"$(PROJECT_DIR)/iPhoneOS",
					"$(PROJECT_DIR)/iPhoneOS.sdk/SuperMap.framework/Versions/A",
				);
				OTHER_LDFLAGS = (
					"$(inherited)",
					"-ObjC",
					"-lc++",
				);
				PRODUCT_BUNDLE_IDENTIFIER = "org.reactjs.native.example.$(PRODUCT_NAME:rfc1034identifier)";
				PRODUCT_NAME = SMMobileDemo;
				SWIFT_OPTIMIZATION_LEVEL = "-Onone";
				SWIFT_VERSION = 5.0;
				TARGETED_DEVICE_FAMILY = "1,2";
				VERSIONING_SYSTEM = "apple-generic";
			};
			name = Debug;
		};
		13B07F951A680F5B00A75B9A /* Release */ = {
			isa = XCBuildConfiguration;
			baseConfigurationReference = 5C2A6BDA8918E2315B6D60DC /* Pods-SMMobileDemo.release.xcconfig */;
			buildSettings = {
				ASSETCATALOG_COMPILER_APPICON_NAME = AppIcon;
				CLANG_ENABLE_MODULES = YES;
				CURRENT_PROJECT_VERSION = 1;
				DEVELOPMENT_TEAM = URZW253WPZ;
				FRAMEWORK_SEARCH_PATHS = (
					"$(inherited)",
					"$(PROJECT_DIR)/iPhoneOS.sdk",
					"$(PROJECT_DIR)",
					"$(PROJECT_DIR)/MessageQueue.sdk",
				);
				HEADER_SEARCH_PATHS = (
					"$(inherited)",
					"\"${PODS_ROOT}/Headers/Public\"",
					"\"${PODS_ROOT}/Headers/Public/CocoaAsyncSocket\"",
					"\"${PODS_ROOT}/Headers/Public/DoubleConversion\"",
					"\"${PODS_ROOT}/Headers/Public/FBLazyVector\"",
					"\"${PODS_ROOT}/Headers/Public/FBReactNativeSpec\"",
					"\"${PODS_ROOT}/Headers/Public/Flipper\"",
					"\"${PODS_ROOT}/Headers/Public/Flipper-Fmt\"",
					"\"${PODS_ROOT}/Headers/Public/Flipper-Folly\"",
					"\"${PODS_ROOT}/Headers/Public/Flipper-Glog\"",
					"\"${PODS_ROOT}/Headers/Public/Flipper-PeerTalk\"",
					"\"${PODS_ROOT}/Headers/Public/Flipper-RSocket\"",
					"\"${PODS_ROOT}/Headers/Public/FlipperKit\"",
					"\"${PODS_ROOT}/Headers/Public/RCT-Folly\"",
					"\"${PODS_ROOT}/Headers/Public/RCTRequired\"",
					"\"${PODS_ROOT}/Headers/Public/RCTTypeSafety\"",
					"\"${PODS_ROOT}/Headers/Public/RNCAsyncStorage\"",
					"\"${PODS_ROOT}/Headers/Public/RNCMaskedView\"",
					"\"${PODS_ROOT}/Headers/Public/RNGestureHandler\"",
					"\"${PODS_ROOT}/Headers/Public/RNReanimated\"",
					"\"${PODS_ROOT}/Headers/Public/RNScreens\"",
					"\"${PODS_ROOT}/Headers/Public/React-Core\"",
					"\"${PODS_ROOT}/Headers/Public/React-RCTBlob\"",
					"\"${PODS_ROOT}/Headers/Public/React-RCTText\"",
					"\"${PODS_ROOT}/Headers/Public/React-callinvoker\"",
					"\"${PODS_ROOT}/Headers/Public/React-cxxreact\"",
					"\"${PODS_ROOT}/Headers/Public/React-jsi\"",
					"\"${PODS_ROOT}/Headers/Public/React-jsiexecutor\"",
					"\"${PODS_ROOT}/Headers/Public/React-jsinspector\"",
					"\"${PODS_ROOT}/Headers/Public/React-logger\"",
					"\"${PODS_ROOT}/Headers/Public/React-perflogger\"",
					"\"${PODS_ROOT}/Headers/Public/React-runtimeexecutor\"",
					"\"${PODS_ROOT}/Headers/Public/ReactCommon\"",
					"\"${PODS_ROOT}/Headers/Public/Yoga\"",
					"\"${PODS_ROOT}/Headers/Public/YogaKit\"",
					"\"${PODS_ROOT}/Headers/Public/fmt\"",
					"\"${PODS_ROOT}/Headers/Public/glog\"",
					"\"${PODS_ROOT}/Headers/Public/libevent\"",
					"\"${PODS_ROOT}/Headers/Public/react-native-background-timer\"",
					"\"${PODS_ROOT}/Headers/Public/react-native-orientation\"",
					"\"${PODS_ROOT}/Headers/Public/react-native-safe-area-context\"",
					"\"$(PODS_ROOT)/DoubleConversion\"",
					"\"$(PODS_ROOT)/boost\"",
					"\"$(PODS_ROOT)/boost\"",
					"\"$(PODS_ROOT)/boost-for-react-native\"",
					"\"$(PODS_ROOT)/glog\"",
					"\"$(PODS_ROOT)/RCT-Folly\"",
					"\"${PODS_ROOT}/Headers/Public/React-hermes\"",
					"\"${PODS_ROOT}/Headers/Public/hermes-engine\"",
					"\"$(PODS_ROOT)/Headers/Private/React-Core\"",
					"\"$(PODS_TARGET_SRCROOT)/include/\"",
					"$(SRCROOT)/../node_modules/imobile_for_reactnative/ios/Headers",
					"$(SRCROOT)/../node_modules/imobile_for_reactnative/ios/SuperMap",
				);
				INFOPLIST_FILE = SMMobileDemo/Info.plist;
				LD_RUNPATH_SEARCH_PATHS = (
					"$(inherited)",
					"@executable_path/Frameworks",
				);
				LIBRARY_SEARCH_PATHS = (
					"$(inherited)",
					"$(PROJECT_DIR)/iPhoneOS.sdk/SuperMap.framework/Versions/A/Resources/ThirdLib",
					"$(PROJECT_DIR)/iPhoneOS",
					"$(PROJECT_DIR)/iPhoneOS.sdk/SuperMap.framework/Versions/A",
				);
				OTHER_LDFLAGS = (
					"$(inherited)",
					"-ObjC",
					"-lc++",
				);
				PRODUCT_BUNDLE_IDENTIFIER = "org.reactjs.native.example.$(PRODUCT_NAME:rfc1034identifier)";
				PRODUCT_NAME = SMMobileDemo;
				SWIFT_VERSION = 5.0;
				TARGETED_DEVICE_FAMILY = "1,2";
				VERSIONING_SYSTEM = "apple-generic";
			};
			name = Release;
		};
		83CBBA201A601CBA00E9B192 /* Debug */ = {
			isa = XCBuildConfiguration;
			buildSettings = {
				ALWAYS_SEARCH_USER_PATHS = NO;
				CLANG_ANALYZER_LOCALIZABILITY_NONLOCALIZED = YES;
				CLANG_CXX_LANGUAGE_STANDARD = "gnu++0x";
				CLANG_CXX_LIBRARY = "libc++";
				CLANG_ENABLE_MODULES = YES;
				CLANG_ENABLE_OBJC_ARC = YES;
				CLANG_WARN_BLOCK_CAPTURE_AUTORELEASING = YES;
				CLANG_WARN_BOOL_CONVERSION = YES;
				CLANG_WARN_COMMA = YES;
				CLANG_WARN_CONSTANT_CONVERSION = YES;
				CLANG_WARN_DEPRECATED_OBJC_IMPLEMENTATIONS = YES;
				CLANG_WARN_DIRECT_OBJC_ISA_USAGE = YES_ERROR;
				CLANG_WARN_EMPTY_BODY = YES;
				CLANG_WARN_ENUM_CONVERSION = YES;
				CLANG_WARN_INFINITE_RECURSION = YES;
				CLANG_WARN_INT_CONVERSION = YES;
				CLANG_WARN_NON_LITERAL_NULL_CONVERSION = YES;
				CLANG_WARN_OBJC_IMPLICIT_RETAIN_SELF = YES;
				CLANG_WARN_OBJC_LITERAL_CONVERSION = YES;
				CLANG_WARN_OBJC_ROOT_CLASS = YES_ERROR;
				CLANG_WARN_QUOTED_INCLUDE_IN_FRAMEWORK_HEADER = YES;
				CLANG_WARN_RANGE_LOOP_ANALYSIS = YES;
				CLANG_WARN_STRICT_PROTOTYPES = YES;
				CLANG_WARN_SUSPICIOUS_MOVE = YES;
				CLANG_WARN_UNREACHABLE_CODE = YES;
				CLANG_WARN__DUPLICATE_METHOD_MATCH = YES;
				"CODE_SIGN_IDENTITY[sdk=iphoneos*]" = "iPhone Developer";
				COPY_PHASE_STRIP = NO;
				ENABLE_STRICT_OBJC_MSGSEND = YES;
				ENABLE_TESTABILITY = YES;
				"EXCLUDED_ARCHS[sdk=iphonesimulator*]" = "";
				GCC_C_LANGUAGE_STANDARD = gnu99;
				GCC_DYNAMIC_NO_PIC = NO;
				GCC_NO_COMMON_BLOCKS = YES;
				GCC_OPTIMIZATION_LEVEL = 0;
				GCC_PREPROCESSOR_DEFINITIONS = (
					"DEBUG=1",
					"$(inherited)",
				);
				GCC_SYMBOLS_PRIVATE_EXTERN = NO;
				GCC_WARN_64_TO_32_BIT_CONVERSION = YES;
				GCC_WARN_ABOUT_RETURN_TYPE = YES_ERROR;
				GCC_WARN_UNDECLARED_SELECTOR = YES;
				GCC_WARN_UNINITIALIZED_AUTOS = YES_AGGRESSIVE;
				GCC_WARN_UNUSED_FUNCTION = YES;
				GCC_WARN_UNUSED_VARIABLE = YES;
				IPHONEOS_DEPLOYMENT_TARGET = 11.0;
				LD_RUNPATH_SEARCH_PATHS = (
					/usr/lib/swift,
					"$(inherited)",
				);
				LIBRARY_SEARCH_PATHS = (
					"\"$(SDKROOT)/usr/lib/swift\"",
					"\"$(TOOLCHAIN_DIR)/usr/lib/swift/$(PLATFORM_NAME)\"",
					"\"$(inherited)\"",
				);
				MTL_ENABLE_DEBUG_INFO = YES;
				ONLY_ACTIVE_ARCH = YES;
				SDKROOT = iphoneos;
			};
			name = Debug;
		};
		83CBBA211A601CBA00E9B192 /* Release */ = {
			isa = XCBuildConfiguration;
			buildSettings = {
				ALWAYS_SEARCH_USER_PATHS = NO;
				CLANG_ANALYZER_LOCALIZABILITY_NONLOCALIZED = YES;
				CLANG_CXX_LANGUAGE_STANDARD = "gnu++0x";
				CLANG_CXX_LIBRARY = "libc++";
				CLANG_ENABLE_MODULES = YES;
				CLANG_ENABLE_OBJC_ARC = YES;
				CLANG_WARN_BLOCK_CAPTURE_AUTORELEASING = YES;
				CLANG_WARN_BOOL_CONVERSION = YES;
				CLANG_WARN_COMMA = YES;
				CLANG_WARN_CONSTANT_CONVERSION = YES;
				CLANG_WARN_DEPRECATED_OBJC_IMPLEMENTATIONS = YES;
				CLANG_WARN_DIRECT_OBJC_ISA_USAGE = YES_ERROR;
				CLANG_WARN_EMPTY_BODY = YES;
				CLANG_WARN_ENUM_CONVERSION = YES;
				CLANG_WARN_INFINITE_RECURSION = YES;
				CLANG_WARN_INT_CONVERSION = YES;
				CLANG_WARN_NON_LITERAL_NULL_CONVERSION = YES;
				CLANG_WARN_OBJC_IMPLICIT_RETAIN_SELF = YES;
				CLANG_WARN_OBJC_LITERAL_CONVERSION = YES;
				CLANG_WARN_OBJC_ROOT_CLASS = YES_ERROR;
				CLANG_WARN_QUOTED_INCLUDE_IN_FRAMEWORK_HEADER = YES;
				CLANG_WARN_RANGE_LOOP_ANALYSIS = YES;
				CLANG_WARN_STRICT_PROTOTYPES = YES;
				CLANG_WARN_SUSPICIOUS_MOVE = YES;
				CLANG_WARN_UNREACHABLE_CODE = YES;
				CLANG_WARN__DUPLICATE_METHOD_MATCH = YES;
				"CODE_SIGN_IDENTITY[sdk=iphoneos*]" = "iPhone Developer";
				COPY_PHASE_STRIP = YES;
				ENABLE_NS_ASSERTIONS = NO;
				ENABLE_STRICT_OBJC_MSGSEND = YES;
				"EXCLUDED_ARCHS[sdk=iphonesimulator*]" = "";
				GCC_C_LANGUAGE_STANDARD = gnu99;
				GCC_NO_COMMON_BLOCKS = YES;
				GCC_WARN_64_TO_32_BIT_CONVERSION = YES;
				GCC_WARN_ABOUT_RETURN_TYPE = YES_ERROR;
				GCC_WARN_UNDECLARED_SELECTOR = YES;
				GCC_WARN_UNINITIALIZED_AUTOS = YES_AGGRESSIVE;
				GCC_WARN_UNUSED_FUNCTION = YES;
				GCC_WARN_UNUSED_VARIABLE = YES;
				IPHONEOS_DEPLOYMENT_TARGET = 11.0;
				LD_RUNPATH_SEARCH_PATHS = (
					/usr/lib/swift,
					"$(inherited)",
				);
				LIBRARY_SEARCH_PATHS = (
					"\"$(SDKROOT)/usr/lib/swift\"",
					"\"$(TOOLCHAIN_DIR)/usr/lib/swift/$(PLATFORM_NAME)\"",
					"\"$(inherited)\"",
				);
				MTL_ENABLE_DEBUG_INFO = NO;
				SDKROOT = iphoneos;
				VALIDATE_PRODUCT = YES;
			};
			name = Release;
		};
/* End XCBuildConfiguration section */

/* Begin XCConfigurationList section */
		00E357021AD99517003FC87E /* Build configuration list for PBXNativeTarget "SMMobileDemoTests" */ = {
			isa = XCConfigurationList;
			buildConfigurations = (
				00E356F61AD99517003FC87E /* Debug */,
				00E356F71AD99517003FC87E /* Release */,
			);
			defaultConfigurationIsVisible = 0;
			defaultConfigurationName = Release;
		};
		13B07F931A680F5B00A75B9A /* Build configuration list for PBXNativeTarget "SMMobileDemo" */ = {
			isa = XCConfigurationList;
			buildConfigurations = (
				13B07F941A680F5B00A75B9A /* Debug */,
				13B07F951A680F5B00A75B9A /* Release */,
			);
			defaultConfigurationIsVisible = 0;
			defaultConfigurationName = Release;
		};
		83CBB9FA1A601CBA00E9B192 /* Build configuration list for PBXProject "SMMobileDemo" */ = {
			isa = XCConfigurationList;
			buildConfigurations = (
				83CBBA201A601CBA00E9B192 /* Debug */,
				83CBBA211A601CBA00E9B192 /* Release */,
			);
			defaultConfigurationIsVisible = 0;
			defaultConfigurationName = Release;
		};
/* End XCConfigurationList section */
	};
	rootObject = 83CBB9F71A601CBA00E9B192 /* Project object */;
}
